<?xml version="1.0" encoding="UTF-8" standalone="yes" ?>
<CodeBlocks_project_file>
	<FileVersion major="1" minor="6" />
	<Project>
		<Option title="linux_cancer_3d" />
		<Option pch_mode="2" />
		<Option compiler="gcc" />
		<Build>
			<Target title="Debug">
				<Option output="bin/Debug/linux_cancer_3d" prefix_auto="1" extension_auto="1" />
				<Option object_output="obj/Debug/" />
				<Option type="1" />
				<Option compiler="gcc" />
				<Option parameters="..\test_FS1\001\ init_conf_file.dat" />
				<Compiler>
					<Add option="-std=c++11" />
					<Add option="-g" />
					<Add directory="C:/libraries/boost/boost_1_61_0" />
					<Add directory="../../../../../../libraries/boost/boost_1_61_0" />
					<Add directory="include" />
				</Compiler>
				<Linker>
					<Add library="psapi" />
					<Add library="C:/libraries/boost/boost_1_61_0/stage/lib/libboost_filesystem-mgw49-mt-d-1_61.a" />
					<Add library="C:/libraries/boost/boost_1_61_0/stage/lib/libboost_system-mgw49-mt-d-1_61.a" />
				</Linker>
			</Target>
			<Target title="Release">
				<Option output="bin/Release/linux_cancer_3d" prefix_auto="1" extension_auto="1" />
				<Option object_output="obj/Release/" />
				<Option type="1" />
				<Option compiler="gcc" />
				<Option parameters="model_inference_info.info 0.05 0.05 0.005 23368" />
				<Compiler>
					<Add option="-O2" />
					<Add directory="include" />
				</Compiler>
				<Linker>
					<Add option="-s" />
				</Linker>
			</Target>
		</Build>
		<Compiler>
			<Add option="-Wall" />
			<Add option="-std=c++11" />
			<Add option="-fexceptions" />
		</Compiler>
		<Unit filename="classes.h" />
		<Unit filename="conf_structures.cpp" />
		<Unit filename="conf_structures.h" />
		<Unit filename="cons.cpp">
			<Option compilerVar="CC" />
		</Unit>
		<Unit filename="cons.h" />
		<Unit filename="main.cpp" />
		<Unit filename="params.h" />
		<Unit filename="phylip.cpp">
			<Option compilerVar="CC" />
		</Unit>
		<Unit filename="phylip.h" />
		<Unit filename="sample_processing.cpp" />
		<Unit filename="sample_processing.h" />
		<Unit filename="simulation.cpp" />
		<Unit filename="simulation_structures.cpp" />
		<Unit filename="simulation_structures.h" />
		<Unit filename="test_main.cpp" />
		<Unit filename="treedist.cpp">
			<Option compilerVar="CC" />
		</Unit>
		<Unit filename="treedist.h" />
		<Extensions>
			<code_completion />
			<envvars />
			<debugger />
			<lib_finder disable_auto="1" />
			<DoxyBlocks>
				<comment_style block="5" line="1" />
				<doxyfile_project />
				<doxyfile_build />
				<doxyfile_warnings />
				<doxyfile_output />
				<doxyfile_dot />
				<general />
			</DoxyBlocks>
		</Extensions>
	</Project>
</CodeBlocks_project_file>
