<?xml version="1.0" encoding="UTF-8" standalone="yes" ?>
<CodeBlocks_project_file>
	<FileVersion major="1" minor="6" />
	<Project>
		<Option title="linux_cancer_3d" />
		<Option pch_mode="2" />
		<Option compiler="gcc" />
		<Build>
			<Target title="Debug">
				<Option output="bin/Debug/linux_cancer_3d" prefix_auto="1" extension_auto="1" />
				<Option object_output="obj/Debug/" />
				<Option type="1" />
				<Option compiler="gcc" />
				<Option parameters="model_etalon_info.info " />
				<Compiler>
					<Add option="-std=c++11" />
					<Add option="-g" />
					<Add directory="C:/libraries/boost/boost_1_61_0" />
					<Add directory="../../../../../../libraries/boost/boost_1_61_0" />
				</Compiler>
				<Linker>
					<Add library="psapi" />
					<Add library="C:/libraries/boost/boost_1_61_0/stage/lib/libboost_filesystem-mgw49-mt-d-1_61.a" />
					<Add library="C:/libraries/boost/boost_1_61_0/stage/lib/libboost_system-mgw49-mt-d-1_61.a" />
				</Linker>
			</Target>
			<Target title="Release">
				<Option output="bin/Release/linux_cancer_3d" prefix_auto="1" extension_auto="1" />
				<Option object_output="obj/Release/" />
				<Option type="1" />
				<Option compiler="gcc" />
				<Option parameters="test_28_06_2016 1 124 0.01 0.00001 0.0001 10000" />
				<Compiler>
					<Add option="-O2" />
				</Compiler>
				<Linker>
					<Add option="-s" />
				</Linker>
			</Target>
		</Build>
		<Compiler>
			<Add option="-Wall" />
			<Add option="-fexceptions" />
		</Compiler>
		<Unit filename="include/classes.h" />
		<Unit filename="include/params.h" />
		<Unit filename="include/sample_processing.h" />
		<Unit filename="main.cpp" />
		<Unit filename="src/functions.cpp" />
		<Unit filename="src/sample_processing.cpp" />
		<Unit filename="src/simulation.cpp" />
		<Extensions>
			<code_completion />
			<envvars />
			<debugger />
			<lib_finder disable_auto="1" />
		</Extensions>
	</Project>
</CodeBlocks_project_file>
